// !$*UTF8*$!
{
	archiveVersion = 1;
	classes = {
	};
	objectVersion = 55;
	objects = {

/* Begin PBXBuildFile section */
		9634E23327248ED8000740E6 /* TwoSum.m in Sources */ = {isa = PBXBuildFile; fileRef = 9634E23227248ED8000740E6 /* TwoSum.m */; };
		96E3576C272481B200976D61 /* main.m in Sources */ = {isa = PBXBuildFile; fileRef = 96E3576B272481B200976D61 /* main.m */; };
		96E3578A272482C400976D61 /* PalindromeNumber.m in Sources */ = {isa = PBXBuildFile; fileRef = 96E35789272482C300976D61 /* PalindromeNumber.m */; };
		F0A3551527CBAC6C003E3B5A /* RomanToInteger.m in Sources */ = {isa = PBXBuildFile; fileRef = F0A3551427CBAC6C003E3B5A /* RomanToInteger.m */; };
		F0B36BBC27DCB443008278C5 /* LongestCommonPrefix.m in Sources */ = {isa = PBXBuildFile; fileRef = F0B36BBB27DCB443008278C5 /* LongestCommonPrefix.m */; };
/* End PBXBuildFile section */

/* Begin PBXCopyFilesBuildPhase section */
		96E35766272481B200976D61 /* CopyFiles */ = {
			isa = PBXCopyFilesBuildPhase;
			buildActionMask = 2147483647;
			dstPath = /usr/share/man/man1/;
			dstSubfolderSpec = 0;
			files = (
			);
			runOnlyForDeploymentPostprocessing = 1;
		};
/* End PBXCopyFilesBuildPhase section */

/* Begin PBXFileReference section */
		9634E23127248EC9000740E6 /* TwoSum.h */ = {isa = PBXFileReference; lastKnownFileType = sourcecode.c.h; path = TwoSum.h; sourceTree = "<group>"; };
		9634E23227248ED8000740E6 /* TwoSum.m */ = {isa = PBXFileReference; lastKnownFileType = sourcecode.c.objc; path = TwoSum.m; sourceTree = "<group>"; };
		96E35768272481B200976D61 /* LCObjective-C */ = {isa = PBXFileReference; explicitFileType = "compiled.mach-o.executable"; includeInIndex = 0; path = "LCObjective-C"; sourceTree = BUILT_PRODUCTS_DIR; };
		96E3576B272481B200976D61 /* main.m */ = {isa = PBXFileReference; lastKnownFileType = sourcecode.c.objc; path = main.m; sourceTree = "<group>"; };
		96E35788272482A100976D61 /* PalindromeNumber.h */ = {isa = PBXFileReference; lastKnownFileType = sourcecode.c.h; path = PalindromeNumber.h; sourceTree = "<group>"; };
		96E35789272482C300976D61 /* PalindromeNumber.m */ = {isa = PBXFileReference; lastKnownFileType = sourcecode.c.objc; path = PalindromeNumber.m; sourceTree = "<group>"; };
		F0A3551327CBAC55003E3B5A /* RomanToInteger.h */ = {isa = PBXFileReference; lastKnownFileType = sourcecode.c.h; path = RomanToInteger.h; sourceTree = "<group>"; };
		F0A3551427CBAC6C003E3B5A /* RomanToInteger.m */ = {isa = PBXFileReference; lastKnownFileType = sourcecode.c.objc; path = RomanToInteger.m; sourceTree = "<group>"; };
		F0B36BBA27DCB438008278C5 /* LongestCommonPrefix.h */ = {isa = PBXFileReference; lastKnownFileType = sourcecode.c.h; path = LongestCommonPrefix.h; sourceTree = "<group>"; };
		F0B36BBB27DCB443008278C5 /* LongestCommonPrefix.m */ = {isa = PBXFileReference; lastKnownFileType = sourcecode.c.objc; path = LongestCommonPrefix.m; sourceTree = "<group>"; };
/* End PBXFileReference section */

/* Begin PBXFrameworksBuildPhase section */
		96E35765272481B200976D61 /* Frameworks */ = {
			isa = PBXFrameworksBuildPhase;
			buildActionMask = 2147483647;
			files = (
			);
			runOnlyForDeploymentPostprocessing = 0;
		};
/* End PBXFrameworksBuildPhase section */

/* Begin PBXGroup section */
		9634E23027248EB9000740E6 /* TwoSum */ = {
			isa = PBXGroup;
			children = (
				9634E23127248EC9000740E6 /* TwoSum.h */,
				9634E23227248ED8000740E6 /* TwoSum.m */,
			);
			path = TwoSum;
			sourceTree = "<group>";
		};
		96E3575F272481B200976D61 = {
			isa = PBXGroup;
			children = (
				96E3576A272481B200976D61 /* LCObjective-C */,
				96E35769272481B200976D61 /* Products */,
			);
			sourceTree = "<group>";
		};
		96E35769272481B200976D61 /* Products */ = {
			isa = PBXGroup;
			children = (
				96E35768272481B200976D61 /* LCObjective-C */,
			);
			name = Products;
			sourceTree = "<group>";
		};
		96E3576A272481B200976D61 /* LCObjective-C */ = {
			isa = PBXGroup;
			children = (
				96E357862724826500976D61 /* Problems */,
				96E3576B272481B200976D61 /* main.m */,
			);
			path = "LCObjective-C";
			sourceTree = "<group>";
		};
		96E357862724826500976D61 /* Problems */ = {
			isa = PBXGroup;
			children = (
				F0B36BB927DCB424008278C5 /* LongestCommonPrefix */,
				F0A3551227CBAC4A003E3B5A /* RomanToInteger */,
				9634E23027248EB9000740E6 /* TwoSum */,
				96E357872724826F00976D61 /* PalindromeNumber */,
			);
			path = Problems;
			sourceTree = "<group>";
		};
		96E357872724826F00976D61 /* PalindromeNumber */ = {
			isa = PBXGroup;
			children = (
				96E35788272482A100976D61 /* PalindromeNumber.h */,
				96E35789272482C300976D61 /* PalindromeNumber.m */,
			);
			path = PalindromeNumber;
			sourceTree = "<group>";
		};
		F0A3551227CBAC4A003E3B5A /* RomanToInteger */ = {
			isa = PBXGroup;
			children = (
				F0A3551327CBAC55003E3B5A /* RomanToInteger.h */,
				F0A3551427CBAC6C003E3B5A /* RomanToInteger.m */,
			);
			path = RomanToInteger;
			sourceTree = "<group>";
		};
		F0B36BB927DCB424008278C5 /* LongestCommonPrefix */ = {
			isa = PBXGroup;
			children = (
				F0B36BBA27DCB438008278C5 /* LongestCommonPrefix.h */,
				F0B36BBB27DCB443008278C5 /* LongestCommonPrefix.m */,
			);
			path = LongestCommonPrefix;
			sourceTree = "<group>";
		};
/* End PBXGroup section */

/* Begin PBXNativeTarget section */
		96E35767272481B200976D61 /* LCObjective-C */ = {
			isa = PBXNativeTarget;
			buildConfigurationList = 96E3576F272481B200976D61 /* Build configuration list for PBXNativeTarget "LCObjective-C" */;
			buildPhases = (
				96E35764272481B200976D61 /* Sources */,
				96E35765272481B200976D61 /* Frameworks */,
				96E35766272481B200976D61 /* CopyFiles */,
			);
			buildRules = (
			);
			dependencies = (
			);
			name = "LCObjective-C";
			productName = "LCObjective-C";
			productReference = 96E35768272481B200976D61 /* LCObjective-C */;
			productType = "com.apple.product-type.tool";
		};
/* End PBXNativeTarget section */

/* Begin PBXProject section */
		96E35760272481B200976D61 /* Project object */ = {
			isa = PBXProject;
			attributes = {
				BuildIndependentTargetsInParallel = 1;
				LastUpgradeCheck = 1300;
				TargetAttributes = {
					96E35767272481B200976D61 = {
						CreatedOnToolsVersion = 13.0;
					};
				};
			};
			buildConfigurationList = 96E35763272481B200976D61 /* Build configuration list for PBXProject "LCObjective-C" */;
			compatibilityVersion = "Xcode 13.0";
			developmentRegion = en;
			hasScannedForEncodings = 0;
			knownRegions = (
				en,
				Base,
			);
			mainGroup = 96E3575F272481B200976D61;
			productRefGroup = 96E35769272481B200976D61 /* Products */;
			projectDirPath = "";
			projectRoot = "";
			targets = (
				96E35767272481B200976D61 /* LCObjective-C */,
			);
		};
/* End PBXProject section */

/* Begin PBXSourcesBuildPhase section */
		96E35764272481B200976D61 /* Sources */ = {
			isa = PBXSourcesBuildPhase;
			buildActionMask = 2147483647;
			files = (
				96E3576C272481B200976D61 /* main.m in Sources */,
				F0A3551527CBAC6C003E3B5A /* RomanToInteger.m in Sources */,
				9634E23327248ED8000740E6 /* TwoSum.m in Sources */,
				F0B36BBC27DCB443008278C5 /* LongestCommonPrefix.m in Sources */,
				96E3578A272482C400976D61 /* PalindromeNumber.m in Sources */,
			);
			runOnlyForDeploymentPostprocessing = 0;
		};
/* End PBXSourcesBuildPhase section */

/* Begin XCBuildConfiguration section */
		96E3576D272481B200976D61 /* Debug */ = {
			isa = XCBuildConfiguration;
			buildSettings = {
				ALWAYS_SEARCH_USER_PATHS = NO;
				CLANG_ANALYZER_NONNULL = YES;
				CLANG_ANALYZER_NUMBER_OBJECT_CONVERSION = YES_AGGRESSIVE;
				CLANG_CXX_LANGUAGE_STANDARD = "gnu++17";
				CLANG_CXX_LIBRARY = "libc++";
				CLANG_ENABLE_MODULES = YES;
				CLANG_ENABLE_OBJC_ARC = YES;
				CLANG_ENABLE_OBJC_WEAK = YES;
				CLANG_WARN_BLOCK_CAPTURE_AUTORELEASING = YES;
				CLANG_WARN_BOOL_CONVERSION = YES;
				CLANG_WARN_COMMA = YES;
				CLANG_WARN_CONSTANT_CONVERSION = YES;
				CLANG_WARN_DEPRECATED_OBJC_IMPLEMENTATIONS = YES;
				CLANG_WARN_DIRECT_OBJC_ISA_USAGE = YES_ERROR;
				CLANG_WARN_DOCUMENTATION_COMMENTS = YES;
				CLANG_WARN_EMPTY_BODY = YES;
				CLANG_WARN_ENUM_CONVERSION = YES;
				CLANG_WARN_INFINITE_RECURSION = YES;
				CLANG_WARN_INT_CONVERSION = YES;
				CLANG_WARN_NON_LITERAL_NULL_CONVERSION = YES;
				CLANG_WARN_OBJC_IMPLICIT_RETAIN_SELF = YES;
				CLANG_WARN_OBJC_LITERAL_CONVERSION = YES;
				CLANG_WARN_OBJC_ROOT_CLASS = YES_ERROR;
				CLANG_WARN_QUOTED_INCLUDE_IN_FRAMEWORK_HEADER = YES;
				CLANG_WARN_RANGE_LOOP_ANALYSIS = YES;
				CLANG_WARN_STRICT_PROTOTYPES = YES;
				CLANG_WARN_SUSPICIOUS_MOVE = YES;
				CLANG_WARN_UNGUARDED_AVAILABILITY = YES_AGGRESSIVE;
				CLANG_WARN_UNREACHABLE_CODE = YES;
				CLANG_WARN__DUPLICATE_METHOD_MATCH = YES;
				COPY_PHASE_STRIP = NO;
				DEBUG_INFORMATION_FORMAT = dwarf;
				ENABLE_STRICT_OBJC_MSGSEND = YES;
				ENABLE_TESTABILITY = YES;
				GCC_C_LANGUAGE_STANDARD = gnu11;
				GCC_DYNAMIC_NO_PIC = NO;
				GCC_NO_COMMON_BLOCKS = YES;
				GCC_OPTIMIZATION_LEVEL = 0;
				GCC_PREPROCESSOR_DEFINITIONS = (
					"DEBUG=1",
					"$(inherited)",
				);
				GCC_WARN_64_TO_32_BIT_CONVERSION = YES;
				GCC_WARN_ABOUT_RETURN_TYPE = YES_ERROR;
				GCC_WARN_UNDECLARED_SELECTOR = YES;
				GCC_WARN_UNINITIALIZED_AUTOS = YES_AGGRESSIVE;
				GCC_WARN_UNUSED_FUNCTION = YES;
				GCC_WARN_UNUSED_VARIABLE = YES;
				MACOSX_DEPLOYMENT_TARGET = 11.3;
				MTL_ENABLE_DEBUG_INFO = INCLUDE_SOURCE;
				MTL_FAST_MATH = YES;
				ONLY_ACTIVE_ARCH = YES;
				SDKROOT = macosx;
			};
			name = Debug;
		};
		96E3576E272481B200976D61 /* Release */ = {
			isa = XCBuildConfiguration;
			buildSettings = {
				ALWAYS_SEARCH_USER_PATHS = NO;
				CLANG_ANALYZER_NONNULL = YES;
				CLANG_ANALYZER_NUMBER_OBJECT_CONVERSION = YES_AGGRESSIVE;
				CLANG_CXX_LANGUAGE_STANDARD = "gnu++17";
				CLANG_CXX_LIBRARY = "libc++";
				CLANG_ENABLE_MODULES = YES;
				CLANG_ENABLE_OBJC_ARC = YES;
				CLANG_ENABLE_OBJC_WEAK = YES;
				CLANG_WARN_BLOCK_CAPTURE_AUTORELEASING = YES;
				CLANG_WARN_BOOL_CONVERSION = YES;
				CLANG_WARN_COMMA = YES;
				CLANG_WARN_CONSTANT_CONVERSION = YES;
				CLANG_WARN_DEPRECATED_OBJC_IMPLEMENTATIONS = YES;
				CLANG_WARN_DIRECT_OBJC_ISA_USAGE = YES_ERROR;
				CLANG_WARN_DOCUMENTATION_COMMENTS = YES;
				CLANG_WARN_EMPTY_BODY = YES;
				CLANG_WARN_ENUM_CONVERSION = YES;
				CLANG_WARN_INFINITE_RECURSION = YES;
				CLANG_WARN_INT_CONVERSION = YES;
				CLANG_WARN_NON_LITERAL_NULL_CONVERSION = YES;
				CLANG_WARN_OBJC_IMPLICIT_RETAIN_SELF = YES;
				CLANG_WARN_OBJC_LITERAL_CONVERSION = YES;
				CLANG_WARN_OBJC_ROOT_CLASS = YES_ERROR;
				CLANG_WARN_QUOTED_INCLUDE_IN_FRAMEWORK_HEADER = YES;
				CLANG_WARN_RANGE_LOOP_ANALYSIS = YES;
				CLANG_WARN_STRICT_PROTOTYPES = YES;
				CLANG_WARN_SUSPICIOUS_MOVE = YES;
				CLANG_WARN_UNGUARDED_AVAILABILITY = YES_AGGRESSIVE;
				CLANG_WARN_UNREACHABLE_CODE = YES;
				CLANG_WARN__DUPLICATE_METHOD_MATCH = YES;
				COPY_PHASE_STRIP = NO;
				DEBUG_INFORMATION_FORMAT = "dwarf-with-dsym";
				ENABLE_NS_ASSERTIONS = NO;
				ENABLE_STRICT_OBJC_MSGSEND = YES;
				GCC_C_LANGUAGE_STANDARD = gnu11;
				GCC_NO_COMMON_BLOCKS = YES;
				GCC_WARN_64_TO_32_BIT_CONVERSION = YES;
				GCC_WARN_ABOUT_RETURN_TYPE = YES_ERROR;
				GCC_WARN_UNDECLARED_SELECTOR = YES;
				GCC_WARN_UNINITIALIZED_AUTOS = YES_AGGRESSIVE;
				GCC_WARN_UNUSED_FUNCTION = YES;
				GCC_WARN_UNUSED_VARIABLE = YES;
				MACOSX_DEPLOYMENT_TARGET = 11.3;
				MTL_ENABLE_DEBUG_INFO = NO;
				MTL_FAST_MATH = YES;
				SDKROOT = macosx;
			};
			name = Release;
		};
		96E35770272481B200976D61 /* Debug */ = {
			isa = XCBuildConfiguration;
			buildSettings = {
				CODE_SIGN_STYLE = Automatic;
				DEVELOPMENT_TEAM = 8XKHWWA38H;
				ENABLE_HARDENED_RUNTIME = YES;
				PRODUCT_NAME = "$(TARGET_NAME)";
			};
			name = Debug;
		};
		96E35771272481B200976D61 /* Release */ = {
			isa = XCBuildConfiguration;
			buildSettings = {
				CODE_SIGN_STYLE = Automatic;
				DEVELOPMENT_TEAM = 8XKHWWA38H;
				ENABLE_HARDENED_RUNTIME = YES;
				PRODUCT_NAME = "$(TARGET_NAME)";
			};
			name = Release;
		};
/* End XCBuildConfiguration section */

/* Begin XCConfigurationList section */
		96E35763272481B200976D61 /* Build configuration list for PBXProject "LCObjective-C" */ = {
			isa = XCConfigurationList;
			buildConfigurations = (
				96E3576D272481B200976D61 /* Debug */,
				96E3576E272481B200976D61 /* Release */,
			);
			defaultConfigurationIsVisible = 0;
			defaultConfigurationName = Release;
		};
		96E3576F272481B200976D61 /* Build configuration list for PBXNativeTarget "LCObjective-C" */ = {
			isa = XCConfigurationList;
			buildConfigurations = (
				96E35770272481B200976D61 /* Debug */,
				96E35771272481B200976D61 /* Release */,
			);
			defaultConfigurationIsVisible = 0;
			defaultConfigurationName = Release;
		};
/* End XCConfigurationList section */
	};
	rootObject = 96E35760272481B200976D61 /* Project object */;
}
