// !$*UTF8*$!
{
	archiveVersion = 1;
	classes = {
	};
	objectVersion = 55;
	objects = {

/* Begin PBXBuildFile section */
		9634E22F27248B66000740E6 /* TwoSum.swift in Sources */ = {isa = PBXBuildFile; fileRef = 9634E22E27248B66000740E6 /* TwoSum.swift */; };
		96E3577F272481C800976D61 /* main.swift in Sources */ = {isa = PBXBuildFile; fileRef = 96E3577E272481C800976D61 /* main.swift */; };
		96E3578E2724845000976D61 /* PalindromeNumber.swift in Sources */ = {isa = PBXBuildFile; fileRef = 96E3578D2724845000976D61 /* PalindromeNumber.swift */; };
		F023D7C128EA321600A3225F /* RemoveElement.swift in Sources */ = {isa = PBXBuildFile; fileRef = F023D7C028EA321600A3225F /* RemoveElement.swift */; };
		F04623BE288759930039245E /* RemoveDuplicatesFromSortedArray.swift in Sources */ = {isa = PBXBuildFile; fileRef = F04623BD288759930039245E /* RemoveDuplicatesFromSortedArray.swift */; };
		F058264A2C317704007689B6 /* NumberOfStepsToReduce.swift in Sources */ = {isa = PBXBuildFile; fileRef = F05826492C317704007689B6 /* NumberOfStepsToReduce.swift */; };
		F06E21892884C0220026F0B8 /* MergeTwoSortedLists.swift in Sources */ = {isa = PBXBuildFile; fileRef = F06E21882884C0220026F0B8 /* MergeTwoSortedLists.swift */; };
		F09642862868689600D60C04 /* ValidParentheses.swift in Sources */ = {isa = PBXBuildFile; fileRef = F09642852868689600D60C04 /* ValidParentheses.swift */; };
		F0A3551127CBA375003E3B5A /* RomanToInteger.swift in Sources */ = {isa = PBXBuildFile; fileRef = F0A3551027CBA375003E3B5A /* RomanToInteger.swift */; };
		F0B36BB827DCA666008278C5 /* LongestCommonPrefix.swift in Sources */ = {isa = PBXBuildFile; fileRef = F0B36BB727DCA666008278C5 /* LongestCommonPrefix.swift */; };
		F0B5C8D02C2F47AD00C9326A /* FirstOccurrenceString.swift in Sources */ = {isa = PBXBuildFile; fileRef = F0B5C8CF2C2F47AD00C9326A /* FirstOccurrenceString.swift */; };
		F0B5C8DB2C2F52C300C9326A /* LengthOfLastWord.swift in Sources */ = {isa = PBXBuildFile; fileRef = F0B5C8DA2C2F52C300C9326A /* LengthOfLastWord.swift */; };
/* End PBXBuildFile section */

/* Begin PBXCopyFilesBuildPhase section */
		96E35779272481C800976D61 /* CopyFiles */ = {
			isa = PBXCopyFilesBuildPhase;
			buildActionMask = 2147483647;
			dstPath = /usr/share/man/man1/;
			dstSubfolderSpec = 0;
			files = (
			);
			runOnlyForDeploymentPostprocessing = 1;
		};
/* End PBXCopyFilesBuildPhase section */

/* Begin PBXFileReference section */
		9634E22E27248B66000740E6 /* TwoSum.swift */ = {isa = PBXFileReference; lastKnownFileType = sourcecode.swift; path = TwoSum.swift; sourceTree = "<group>"; };
		96E3577B272481C800976D61 /* LCSwift */ = {isa = PBXFileReference; explicitFileType = "compiled.mach-o.executable"; includeInIndex = 0; path = LCSwift; sourceTree = BUILT_PRODUCTS_DIR; };
		96E3577E272481C800976D61 /* main.swift */ = {isa = PBXFileReference; lastKnownFileType = sourcecode.swift; path = main.swift; sourceTree = "<group>"; };
		96E3578D2724845000976D61 /* PalindromeNumber.swift */ = {isa = PBXFileReference; lastKnownFileType = sourcecode.swift; path = PalindromeNumber.swift; sourceTree = "<group>"; };
		F023D7C028EA321600A3225F /* RemoveElement.swift */ = {isa = PBXFileReference; lastKnownFileType = sourcecode.swift; path = RemoveElement.swift; sourceTree = "<group>"; };
		F04623BD288759930039245E /* RemoveDuplicatesFromSortedArray.swift */ = {isa = PBXFileReference; lastKnownFileType = sourcecode.swift; path = RemoveDuplicatesFromSortedArray.swift; sourceTree = "<group>"; };
		F05826492C317704007689B6 /* NumberOfStepsToReduce.swift */ = {isa = PBXFileReference; lastKnownFileType = sourcecode.swift; path = NumberOfStepsToReduce.swift; sourceTree = "<group>"; };
		F06E21882884C0220026F0B8 /* MergeTwoSortedLists.swift */ = {isa = PBXFileReference; lastKnownFileType = sourcecode.swift; path = MergeTwoSortedLists.swift; sourceTree = "<group>"; };
		F09642852868689600D60C04 /* ValidParentheses.swift */ = {isa = PBXFileReference; lastKnownFileType = sourcecode.swift; path = ValidParentheses.swift; sourceTree = "<group>"; };
		F0A3551027CBA375003E3B5A /* RomanToInteger.swift */ = {isa = PBXFileReference; lastKnownFileType = sourcecode.swift; path = RomanToInteger.swift; sourceTree = "<group>"; };
		F0B36BB727DCA666008278C5 /* LongestCommonPrefix.swift */ = {isa = PBXFileReference; lastKnownFileType = sourcecode.swift; path = LongestCommonPrefix.swift; sourceTree = "<group>"; };
		F0B5C8CF2C2F47AD00C9326A /* FirstOccurrenceString.swift */ = {isa = PBXFileReference; lastKnownFileType = sourcecode.swift; path = FirstOccurrenceString.swift; sourceTree = "<group>"; };
		F0B5C8DA2C2F52C300C9326A /* LengthOfLastWord.swift */ = {isa = PBXFileReference; lastKnownFileType = sourcecode.swift; path = LengthOfLastWord.swift; sourceTree = "<group>"; };
/* End PBXFileReference section */

/* Begin PBXFrameworksBuildPhase section */
		96E35778272481C800976D61 /* Frameworks */ = {
			isa = PBXFrameworksBuildPhase;
			buildActionMask = 2147483647;
			files = (
			);
			runOnlyForDeploymentPostprocessing = 0;
		};
/* End PBXFrameworksBuildPhase section */

/* Begin PBXGroup section */
		9634E22D27248B5A000740E6 /* TwoSum */ = {
			isa = PBXGroup;
			children = (
				9634E22E27248B66000740E6 /* TwoSum.swift */,
			);
			path = TwoSum;
			sourceTree = "<group>";
		};
		96E35772272481C800976D61 = {
			isa = PBXGroup;
			children = (
				96E3577D272481C800976D61 /* LCSwift */,
				96E3577C272481C800976D61 /* Products */,
			);
			sourceTree = "<group>";
		};
		96E3577C272481C800976D61 /* Products */ = {
			isa = PBXGroup;
			children = (
				96E3577B272481C800976D61 /* LCSwift */,
			);
			name = Products;
			sourceTree = "<group>";
		};
		96E3577D272481C800976D61 /* LCSwift */ = {
			isa = PBXGroup;
			children = (
				96E3578B2724843000976D61 /* Problems */,
				96E3577E272481C800976D61 /* main.swift */,
			);
			path = LCSwift;
			sourceTree = "<group>";
		};
		96E3578B2724843000976D61 /* Problems */ = {
			isa = PBXGroup;
			children = (
				F05826482C3176F4007689B6 /* NumberOfStepsToReduce */,
				F0B5C8D92C2F52BF00C9326A /* LengthOfLastWord */,
				F0B5C8CE2C2F478400C9326A /* FirstOccurrenceString */,
				F023D7BF28EA31C900A3225F /* RemoveElement */,
				F04623BC288759710039245E /* RemoveDuplicatesFromSortedArray */,
				F06E21872884C0080026F0B8 /* MergeTwoSortedLists */,
				F09642842868688500D60C04 /* ValidParentheses */,
				F0B36BB627DCA652008278C5 /* LongestCommonPrefix */,
				F0A3550F27CBA366003E3B5A /* RomanToInteger */,
				9634E22D27248B5A000740E6 /* TwoSum */,
				96E3578C2724843900976D61 /* PalindromeNumber */,
			);
			path = Problems;
			sourceTree = "<group>";
		};
		96E3578C2724843900976D61 /* PalindromeNumber */ = {
			isa = PBXGroup;
			children = (
				96E3578D2724845000976D61 /* PalindromeNumber.swift */,
			);
			path = PalindromeNumber;
			sourceTree = "<group>";
		};
		F023D7BF28EA31C900A3225F /* RemoveElement */ = {
			isa = PBXGroup;
			children = (
				F023D7C028EA321600A3225F /* RemoveElement.swift */,
			);
			path = RemoveElement;
			sourceTree = "<group>";
		};
		F04623BC288759710039245E /* RemoveDuplicatesFromSortedArray */ = {
			isa = PBXGroup;
			children = (
				F04623BD288759930039245E /* RemoveDuplicatesFromSortedArray.swift */,
			);
			path = RemoveDuplicatesFromSortedArray;
			sourceTree = "<group>";
		};
		F05826482C3176F4007689B6 /* NumberOfStepsToReduce */ = {
			isa = PBXGroup;
			children = (
				F05826492C317704007689B6 /* NumberOfStepsToReduce.swift */,
			);
			path = NumberOfStepsToReduce;
			sourceTree = "<group>";
		};
		F06E21872884C0080026F0B8 /* MergeTwoSortedLists */ = {
			isa = PBXGroup;
			children = (
				F06E21882884C0220026F0B8 /* MergeTwoSortedLists.swift */,
			);
			path = MergeTwoSortedLists;
			sourceTree = "<group>";
		};
		F09642842868688500D60C04 /* ValidParentheses */ = {
			isa = PBXGroup;
			children = (
				F09642852868689600D60C04 /* ValidParentheses.swift */,
			);
			path = ValidParentheses;
			sourceTree = "<group>";
		};
		F0A3550F27CBA366003E3B5A /* RomanToInteger */ = {
			isa = PBXGroup;
			children = (
				F0A3551027CBA375003E3B5A /* RomanToInteger.swift */,
			);
			path = RomanToInteger;
			sourceTree = "<group>";
		};
		F0B36BB627DCA652008278C5 /* LongestCommonPrefix */ = {
			isa = PBXGroup;
			children = (
				F0B36BB727DCA666008278C5 /* LongestCommonPrefix.swift */,
			);
			path = LongestCommonPrefix;
			sourceTree = "<group>";
		};
		F0B5C8CE2C2F478400C9326A /* FirstOccurrenceString */ = {
			isa = PBXGroup;
			children = (
				F0B5C8CF2C2F47AD00C9326A /* FirstOccurrenceString.swift */,
			);
			path = FirstOccurrenceString;
			sourceTree = "<group>";
		};
		F0B5C8D92C2F52BF00C9326A /* LengthOfLastWord */ = {
			isa = PBXGroup;
			children = (
				F0B5C8DA2C2F52C300C9326A /* LengthOfLastWord.swift */,
			);
			path = LengthOfLastWord;
			sourceTree = "<group>";
		};
/* End PBXGroup section */

/* Begin PBXNativeTarget section */
		96E3577A272481C800976D61 /* LCSwift */ = {
			isa = PBXNativeTarget;
			buildConfigurationList = 96E35782272481C800976D61 /* Build configuration list for PBXNativeTarget "LCSwift" */;
			buildPhases = (
				96E35777272481C800976D61 /* Sources */,
				96E35778272481C800976D61 /* Frameworks */,
				96E35779272481C800976D61 /* CopyFiles */,
			);
			buildRules = (
			);
			dependencies = (
			);
			name = LCSwift;
			productName = LCSwift;
			productReference = 96E3577B272481C800976D61 /* LCSwift */;
			productType = "com.apple.product-type.tool";
		};
/* End PBXNativeTarget section */

/* Begin PBXProject section */
		96E35773272481C800976D61 /* Project object */ = {
			isa = PBXProject;
			attributes = {
				BuildIndependentTargetsInParallel = 1;
				LastSwiftUpdateCheck = 1300;
				LastUpgradeCheck = 1400;
				TargetAttributes = {
					96E3577A272481C800976D61 = {
						CreatedOnToolsVersion = 13.0;
					};
				};
			};
			buildConfigurationList = 96E35776272481C800976D61 /* Build configuration list for PBXProject "LCSwift" */;
			compatibilityVersion = "Xcode 13.0";
			developmentRegion = en;
			hasScannedForEncodings = 0;
			knownRegions = (
				en,
				Base,
			);
			mainGroup = 96E35772272481C800976D61;
			productRefGroup = 96E3577C272481C800976D61 /* Products */;
			projectDirPath = "";
			projectRoot = "";
			targets = (
				96E3577A272481C800976D61 /* LCSwift */,
			);
		};
/* End PBXProject section */

/* Begin PBXSourcesBuildPhase section */
		96E35777272481C800976D61 /* Sources */ = {
			isa = PBXSourcesBuildPhase;
			buildActionMask = 2147483647;
			files = (
				F0B5C8D02C2F47AD00C9326A /* FirstOccurrenceString.swift in Sources */,
				F04623BE288759930039245E /* RemoveDuplicatesFromSortedArray.swift in Sources */,
				F0B5C8DB2C2F52C300C9326A /* LengthOfLastWord.swift in Sources */,
				96E3577F272481C800976D61 /* main.swift in Sources */,
				F023D7C128EA321600A3225F /* RemoveElement.swift in Sources */,
				F09642862868689600D60C04 /* ValidParentheses.swift in Sources */,
				F058264A2C317704007689B6 /* NumberOfStepsToReduce.swift in Sources */,
				F0B36BB827DCA666008278C5 /* LongestCommonPrefix.swift in Sources */,
				F0A3551127CBA375003E3B5A /* RomanToInteger.swift in Sources */,
				96E3578E2724845000976D61 /* PalindromeNumber.swift in Sources */,
				F06E21892884C0220026F0B8 /* MergeTwoSortedLists.swift in Sources */,
				9634E22F27248B66000740E6 /* TwoSum.swift in Sources */,
			);
			runOnlyForDeploymentPostprocessing = 0;
		};
/* End PBXSourcesBuildPhase section */

/* Begin XCBuildConfiguration section */
		96E35780272481C800976D61 /* Debug */ = {
			isa = XCBuildConfiguration;
			buildSettings = {
				ALWAYS_SEARCH_USER_PATHS = NO;
				CLANG_ANALYZER_NONNULL = YES;
				CLANG_ANALYZER_NUMBER_OBJECT_CONVERSION = YES_AGGRESSIVE;
				CLANG_CXX_LANGUAGE_STANDARD = "gnu++17";
				CLANG_CXX_LIBRARY = "libc++";
				CLANG_ENABLE_MODULES = YES;
				CLANG_ENABLE_OBJC_ARC = YES;
				CLANG_ENABLE_OBJC_WEAK = YES;
				CLANG_WARN_BLOCK_CAPTURE_AUTORELEASING = YES;
				CLANG_WARN_BOOL_CONVERSION = YES;
				CLANG_WARN_COMMA = YES;
				CLANG_WARN_CONSTANT_CONVERSION = YES;
				CLANG_WARN_DEPRECATED_OBJC_IMPLEMENTATIONS = YES;
				CLANG_WARN_DIRECT_OBJC_ISA_USAGE = YES_ERROR;
				CLANG_WARN_DOCUMENTATION_COMMENTS = YES;
				CLANG_WARN_EMPTY_BODY = YES;
				CLANG_WARN_ENUM_CONVERSION = YES;
				CLANG_WARN_INFINITE_RECURSION = YES;
				CLANG_WARN_INT_CONVERSION = YES;
				CLANG_WARN_NON_LITERAL_NULL_CONVERSION = YES;
				CLANG_WARN_OBJC_IMPLICIT_RETAIN_SELF = YES;
				CLANG_WARN_OBJC_LITERAL_CONVERSION = YES;
				CLANG_WARN_OBJC_ROOT_CLASS = YES_ERROR;
				CLANG_WARN_QUOTED_INCLUDE_IN_FRAMEWORK_HEADER = YES;
				CLANG_WARN_RANGE_LOOP_ANALYSIS = YES;
				CLANG_WARN_STRICT_PROTOTYPES = YES;
				CLANG_WARN_SUSPICIOUS_MOVE = YES;
				CLANG_WARN_UNGUARDED_AVAILABILITY = YES_AGGRESSIVE;
				CLANG_WARN_UNREACHABLE_CODE = YES;
				CLANG_WARN__DUPLICATE_METHOD_MATCH = YES;
				COPY_PHASE_STRIP = NO;
				DEAD_CODE_STRIPPING = YES;
				DEBUG_INFORMATION_FORMAT = dwarf;
				ENABLE_STRICT_OBJC_MSGSEND = YES;
				ENABLE_TESTABILITY = YES;
				GCC_C_LANGUAGE_STANDARD = gnu11;
				GCC_DYNAMIC_NO_PIC = NO;
				GCC_NO_COMMON_BLOCKS = YES;
				GCC_OPTIMIZATION_LEVEL = 0;
				GCC_PREPROCESSOR_DEFINITIONS = (
					"DEBUG=1",
					"$(inherited)",
				);
				GCC_WARN_64_TO_32_BIT_CONVERSION = YES;
				GCC_WARN_ABOUT_RETURN_TYPE = YES_ERROR;
				GCC_WARN_UNDECLARED_SELECTOR = YES;
				GCC_WARN_UNINITIALIZED_AUTOS = YES_AGGRESSIVE;
				GCC_WARN_UNUSED_FUNCTION = YES;
				GCC_WARN_UNUSED_VARIABLE = YES;
				MACOSX_DEPLOYMENT_TARGET = 11.3;
				MTL_ENABLE_DEBUG_INFO = INCLUDE_SOURCE;
				MTL_FAST_MATH = YES;
				ONLY_ACTIVE_ARCH = YES;
				SDKROOT = macosx;
				SWIFT_ACTIVE_COMPILATION_CONDITIONS = DEBUG;
				SWIFT_OPTIMIZATION_LEVEL = "-Onone";
			};
			name = Debug;
		};
		96E35781272481C800976D61 /* Release */ = {
			isa = XCBuildConfiguration;
			buildSettings = {
				ALWAYS_SEARCH_USER_PATHS = NO;
				CLANG_ANALYZER_NONNULL = YES;
				CLANG_ANALYZER_NUMBER_OBJECT_CONVERSION = YES_AGGRESSIVE;
				CLANG_CXX_LANGUAGE_STANDARD = "gnu++17";
				CLANG_CXX_LIBRARY = "libc++";
				CLANG_ENABLE_MODULES = YES;
				CLANG_ENABLE_OBJC_ARC = YES;
				CLANG_ENABLE_OBJC_WEAK = YES;
				CLANG_WARN_BLOCK_CAPTURE_AUTORELEASING = YES;
				CLANG_WARN_BOOL_CONVERSION = YES;
				CLANG_WARN_COMMA = YES;
				CLANG_WARN_CONSTANT_CONVERSION = YES;
				CLANG_WARN_DEPRECATED_OBJC_IMPLEMENTATIONS = YES;
				CLANG_WARN_DIRECT_OBJC_ISA_USAGE = YES_ERROR;
				CLANG_WARN_DOCUMENTATION_COMMENTS = YES;
				CLANG_WARN_EMPTY_BODY = YES;
				CLANG_WARN_ENUM_CONVERSION = YES;
				CLANG_WARN_INFINITE_RECURSION = YES;
				CLANG_WARN_INT_CONVERSION = YES;
				CLANG_WARN_NON_LITERAL_NULL_CONVERSION = YES;
				CLANG_WARN_OBJC_IMPLICIT_RETAIN_SELF = YES;
				CLANG_WARN_OBJC_LITERAL_CONVERSION = YES;
				CLANG_WARN_OBJC_ROOT_CLASS = YES_ERROR;
				CLANG_WARN_QUOTED_INCLUDE_IN_FRAMEWORK_HEADER = YES;
				CLANG_WARN_RANGE_LOOP_ANALYSIS = YES;
				CLANG_WARN_STRICT_PROTOTYPES = YES;
				CLANG_WARN_SUSPICIOUS_MOVE = YES;
				CLANG_WARN_UNGUARDED_AVAILABILITY = YES_AGGRESSIVE;
				CLANG_WARN_UNREACHABLE_CODE = YES;
				CLANG_WARN__DUPLICATE_METHOD_MATCH = YES;
				COPY_PHASE_STRIP = NO;
				DEAD_CODE_STRIPPING = YES;
				DEBUG_INFORMATION_FORMAT = "dwarf-with-dsym";
				ENABLE_NS_ASSERTIONS = NO;
				ENABLE_STRICT_OBJC_MSGSEND = YES;
				GCC_C_LANGUAGE_STANDARD = gnu11;
				GCC_NO_COMMON_BLOCKS = YES;
				GCC_WARN_64_TO_32_BIT_CONVERSION = YES;
				GCC_WARN_ABOUT_RETURN_TYPE = YES_ERROR;
				GCC_WARN_UNDECLARED_SELECTOR = YES;
				GCC_WARN_UNINITIALIZED_AUTOS = YES_AGGRESSIVE;
				GCC_WARN_UNUSED_FUNCTION = YES;
				GCC_WARN_UNUSED_VARIABLE = YES;
				MACOSX_DEPLOYMENT_TARGET = 11.3;
				MTL_ENABLE_DEBUG_INFO = NO;
				MTL_FAST_MATH = YES;
				SDKROOT = macosx;
				SWIFT_COMPILATION_MODE = wholemodule;
				SWIFT_OPTIMIZATION_LEVEL = "-O";
			};
			name = Release;
		};
		96E35783272481C800976D61 /* Debug */ = {
			isa = XCBuildConfiguration;
			buildSettings = {
				CODE_SIGN_IDENTITY = "-";
				CODE_SIGN_STYLE = Automatic;
				DEAD_CODE_STRIPPING = YES;
				DEVELOPMENT_TEAM = 8XKHWWA38H;
				ENABLE_HARDENED_RUNTIME = YES;
				PRODUCT_NAME = "$(TARGET_NAME)";
				SWIFT_VERSION = 5.0;
			};
			name = Debug;
		};
		96E35784272481C800976D61 /* Release */ = {
			isa = XCBuildConfiguration;
			buildSettings = {
				CODE_SIGN_IDENTITY = "-";
				CODE_SIGN_STYLE = Automatic;
				DEAD_CODE_STRIPPING = YES;
				DEVELOPMENT_TEAM = 8XKHWWA38H;
				ENABLE_HARDENED_RUNTIME = YES;
				PRODUCT_NAME = "$(TARGET_NAME)";
				SWIFT_VERSION = 5.0;
			};
			name = Release;
		};
/* End XCBuildConfiguration section */

/* Begin XCConfigurationList section */
		96E35776272481C800976D61 /* Build configuration list for PBXProject "LCSwift" */ = {
			isa = XCConfigurationList;
			buildConfigurations = (
				96E35780272481C800976D61 /* Debug */,
				96E35781272481C800976D61 /* Release */,
			);
			defaultConfigurationIsVisible = 0;
			defaultConfigurationName = Release;
		};
		96E35782272481C800976D61 /* Build configuration list for PBXNativeTarget "LCSwift" */ = {
			isa = XCConfigurationList;
			buildConfigurations = (
				96E35783272481C800976D61 /* Debug */,
				96E35784272481C800976D61 /* Release */,
			);
			defaultConfigurationIsVisible = 0;
			defaultConfigurationName = Release;
		};
/* End XCConfigurationList section */
	};
	rootObject = 96E35773272481C800976D61 /* Project object */;
}
